// !$*UTF8*$!
{
	archiveVersion = 1;
	classes = {
	};
	objectVersion = 50;
	objects = {

/* Begin PBXBuildFile section */
		32612AD520E2C6D5004FB133 /* AppDelegate.m in Sources */ = {isa = PBXBuildFile; fileRef = 32612AD420E2C6D5004FB133 /* AppDelegate.m */; };
		32612AD820E2C6D5004FB133 /* ViewController.m in Sources */ = {isa = PBXBuildFile; fileRef = 32612AD720E2C6D5004FB133 /* ViewController.m */; };
		32612ADB20E2C6D5004FB133 /* Main.storyboard in Resources */ = {isa = PBXBuildFile; fileRef = 32612AD920E2C6D5004FB133 /* Main.storyboard */; };
		32612ADD20E2C6D6004FB133 /* Assets.xcassets in Resources */ = {isa = PBXBuildFile; fileRef = 32612ADC20E2C6D6004FB133 /* Assets.xcassets */; };
		32612AE020E2C6D6004FB133 /* LaunchScreen.storyboard in Resources */ = {isa = PBXBuildFile; fileRef = 32612ADE20E2C6D6004FB133 /* LaunchScreen.storyboard */; };
		32612AE320E2C6D6004FB133 /* main.m in Sources */ = {isa = PBXBuildFile; fileRef = 32612AE220E2C6D6004FB133 /* main.m */; };
/* End PBXBuildFile section */

/* Begin PBXFileReference section */
		32612AD020E2C6D5004FB133 /* AutoLayoutHomeTask.app */ = {isa = PBXFileReference; explicitFileType = wrapper.application; includeInIndex = 0; path = AutoLayoutHomeTask.app; sourceTree = BUILT_PRODUCTS_DIR; };
		32612AD320E2C6D5004FB133 /* AppDelegate.h */ = {isa = PBXFileReference; lastKnownFileType = sourcecode.c.h; path = AppDelegate.h; sourceTree = "<group>"; };
		32612AD420E2C6D5004FB133 /* AppDelegate.m */ = {isa = PBXFileReference; lastKnownFileType = sourcecode.c.objc; path = AppDelegate.m; sourceTree = "<group>"; };
		32612AD620E2C6D5004FB133 /* ViewController.h */ = {isa = PBXFileReference; lastKnownFileType = sourcecode.c.h; path = ViewController.h; sourceTree = "<group>"; };
		32612AD720E2C6D5004FB133 /* ViewController.m */ = {isa = PBXFileReference; lastKnownFileType = sourcecode.c.objc; path = ViewController.m; sourceTree = "<group>"; };
		32612ADA20E2C6D5004FB133 /* Base */ = {isa = PBXFileReference; lastKnownFileType = file.storyboard; name = Base; path = Base.lproj/Main.storyboard; sourceTree = "<group>"; };
		32612ADC20E2C6D6004FB133 /* Assets.xcassets */ = {isa = PBXFileReference; lastKnownFileType = folder.assetcatalog; path = Assets.xcassets; sourceTree = "<group>"; };
		32612ADF20E2C6D6004FB133 /* Base */ = {isa = PBXFileReference; lastKnownFileType = file.storyboard; name = Base; path = Base.lproj/LaunchScreen.storyboard; sourceTree = "<group>"; };
		32612AE120E2C6D6004FB133 /* Info.plist */ = {isa = PBXFileReference; lastKnownFileType = text.plist.xml; path = Info.plist; sourceTree = "<group>"; };
		32612AE220E2C6D6004FB133 /* main.m */ = {isa = PBXFileReference; lastKnownFileType = sourcecode.c.objc; path = main.m; sourceTree = "<group>"; };
/* End PBXFileReference section */

/* Begin PBXFrameworksBuildPhase section */
		32612ACD20E2C6D5004FB133 /* Frameworks */ = {
			isa = PBXFrameworksBuildPhase;
			buildActionMask = 2147483647;
			files = (
			);
			runOnlyForDeploymentPostprocessing = 0;
		};
/* End PBXFrameworksBuildPhase section */

/* Begin PBXGroup section */
		32612AC720E2C6D5004FB133 = {
			isa = PBXGroup;
			children = (
				32612AD220E2C6D5004FB133 /* AutoLayoutHomeTask */,
				32612AD120E2C6D5004FB133 /* Products */,
			);
			sourceTree = "<group>";
		};
		32612AD120E2C6D5004FB133 /* Products */ = {
			isa = PBXGroup;
			children = (
				32612AD020E2C6D5004FB133 /* AutoLayoutHomeTask.app */,
			);
			name = Products;
			sourceTree = "<group>";
		};
		32612AD220E2C6D5004FB133 /* AutoLayoutHomeTask */ = {
			isa = PBXGroup;
			children = (
				32612AD320E2C6D5004FB133 /* AppDelegate.h */,
				32612AD420E2C6D5004FB133 /* AppDelegate.m */,
				32612AD620E2C6D5004FB133 /* ViewController.h */,
				32612AD720E2C6D5004FB133 /* ViewController.m */,
				32612AD920E2C6D5004FB133 /* Main.storyboard */,
				32612ADC20E2C6D6004FB133 /* Assets.xcassets */,
				32612ADE20E2C6D6004FB133 /* LaunchScreen.storyboard */,
				32612AE120E2C6D6004FB133 /* Info.plist */,
				32612AE220E2C6D6004FB133 /* main.m */,
			);
			path = AutoLayoutHomeTask;
			sourceTree = "<group>";
		};
/* End PBXGroup section */

/* Begin PBXNativeTarget section */
		32612ACF20E2C6D5004FB133 /* AutoLayoutHomeTask */ = {
			isa = PBXNativeTarget;
			buildConfigurationList = 32612AE620E2C6D6004FB133 /* Build configuration list for PBXNativeTarget "AutoLayoutHomeTask" */;
			buildPhases = (
				32612ACC20E2C6D5004FB133 /* Sources */,
				32612ACD20E2C6D5004FB133 /* Frameworks */,
				32612ACE20E2C6D5004FB133 /* Resources */,
			);
			buildRules = (
			);
			dependencies = (
			);
			name = AutoLayoutHomeTask;
			productName = AutoLayoutHomeTask;
			productReference = 32612AD020E2C6D5004FB133 /* AutoLayoutHomeTask.app */;
			productType = "com.apple.product-type.application";
		};
/* End PBXNativeTarget section */

/* Begin PBXProject section */
		32612AC820E2C6D5004FB133 /* Project object */ = {
			isa = PBXProject;
			attributes = {
				LastUpgradeCheck = 0940;
				ORGANIZATIONNAME = "Dmitriy Tarelkin";
				TargetAttributes = {
					32612ACF20E2C6D5004FB133 = {
						CreatedOnToolsVersion = 9.4.1;
					};
				};
			};
			buildConfigurationList = 32612ACB20E2C6D5004FB133 /* Build configuration list for PBXProject "AutoLayoutHomeTask" */;
			compatibilityVersion = "Xcode 9.3";
			developmentRegion = en;
			hasScannedForEncodings = 0;
			knownRegions = (
				en,
				Base,
			);
			mainGroup = 32612AC720E2C6D5004FB133;
			productRefGroup = 32612AD120E2C6D5004FB133 /* Products */;
			projectDirPath = "";
			projectRoot = "";
			targets = (
				32612ACF20E2C6D5004FB133 /* AutoLayoutHomeTask */,
			);
		};
/* End PBXProject section */

/* Begin PBXResourcesBuildPhase section */
		32612ACE20E2C6D5004FB133 /* Resources */ = {
			isa = PBXResourcesBuildPhase;
			buildActionMask = 2147483647;
			files = (
				32612AE020E2C6D6004FB133 /* LaunchScreen.storyboard in Resources */,
				32612ADD20E2C6D6004FB133 /* Assets.xcassets in Resources */,
				32612ADB20E2C6D5004FB133 /* Main.storyboard in Resources */,
			);
			runOnlyForDeploymentPostprocessing = 0;
		};
/* End PBXResourcesBuildPhase section */

/* Begin PBXSourcesBuildPhase section */
		32612ACC20E2C6D5004FB133 /* Sources */ = {
			isa = PBXSourcesBuildPhase;
			buildActionMask = 2147483647;
			files = (
				32612AD820E2C6D5004FB133 /* ViewController.m in Sources */,
				32612AE320E2C6D6004FB133 /* main.m in Sources */,
				32612AD520E2C6D5004FB133 /* AppDelegate.m in Sources */,
			);
			runOnlyForDeploymentPostprocessing = 0;
		};
/* End PBXSourcesBuildPhase section */

/* Begin PBXVariantGroup section */
		32612AD920E2C6D5004FB133 /* Main.storyboard */ = {
			isa = PBXVariantGroup;
			children = (
				32612ADA20E2C6D5004FB133 /* Base */,
			);
			name = Main.storyboard;
			sourceTree = "<group>";
		};
		32612ADE20E2C6D6004FB133 /* LaunchScreen.storyboard */ = {
			isa = PBXVariantGroup;
			children = (
				32612ADF20E2C6D6004FB133 /* Base */,
			);
			name = LaunchScreen.storyboard;
			sourceTree = "<group>";
		};
/* End PBXVariantGroup section */

/* Begin XCBuildConfiguration section */
		32612AE420E2C6D6004FB133 /* Debug */ = {
			isa = XCBuildConfiguration;
			buildSettings = {
				ALWAYS_SEARCH_USER_PATHS = NO;
				CLANG_ANALYZER_NONNULL = YES;
				CLANG_ANALYZER_NUMBER_OBJECT_CONVERSION = YES_AGGRESSIVE;
				CLANG_CXX_LANGUAGE_STANDARD = "gnu++14";
				CLANG_CXX_LIBRARY = "libc++";
				CLANG_ENABLE_MODULES = YES;
				CLANG_ENABLE_OBJC_ARC = YES;
				CLANG_ENABLE_OBJC_WEAK = YES;
				CLANG_WARN_BLOCK_CAPTURE_AUTORELEASING = YES;
				CLANG_WARN_BOOL_CONVERSION = YES;
				CLANG_WARN_COMMA = YES;
				CLANG_WARN_CONSTANT_CONVERSION = YES;
				CLANG_WARN_DEPRECATED_OBJC_IMPLEMENTATIONS = YES;
				CLANG_WARN_DIRECT_OBJC_ISA_USAGE = YES_ERROR;
				CLANG_WARN_DOCUMENTATION_COMMENTS = YES;
				CLANG_WARN_EMPTY_BODY = YES;
				CLANG_WARN_ENUM_CONVERSION = YES;
				CLANG_WARN_INFINITE_RECURSION = YES;
				CLANG_WARN_INT_CONVERSION = YES;
				CLANG_WARN_NON_LITERAL_NULL_CONVERSION = YES;
				CLANG_WARN_OBJC_IMPLICIT_RETAIN_SELF = YES;
				CLANG_WARN_OBJC_LITERAL_CONVERSION = YES;
				CLANG_WARN_OBJC_ROOT_CLASS = YES_ERROR;
				CLANG_WARN_RANGE_LOOP_ANALYSIS = YES;
				CLANG_WARN_STRICT_PROTOTYPES = YES;
				CLANG_WARN_SUSPICIOUS_MOVE = YES;
				CLANG_WARN_UNGUARDED_AVAILABILITY = YES_AGGRESSIVE;
				CLANG_WARN_UNREACHABLE_CODE = YES;
				CLANG_WARN__DUPLICATE_METHOD_MATCH = YES;
				CODE_SIGN_IDENTITY = "iPhone Developer";
				COPY_PHASE_STRIP = NO;
				DEBUG_INFORMATION_FORMAT = dwarf;
				ENABLE_STRICT_OBJC_MSGSEND = YES;
				ENABLE_TESTABILITY = YES;
				GCC_C_LANGUAGE_STANDARD = gnu11;
				GCC_DYNAMIC_NO_PIC = NO;
				GCC_NO_COMMON_BLOCKS = YES;
				GCC_OPTIMIZATION_LEVEL = 0;
				GCC_PREPROCESSOR_DEFINITIONS = (
					"DEBUG=1",
					"$(inherited)",
				);
				GCC_WARN_64_TO_32_BIT_CONVERSION = YES;
				GCC_WARN_ABOUT_RETURN_TYPE = YES_ERROR;
				GCC_WARN_UNDECLARED_SELECTOR = YES;
				GCC_WARN_UNINITIALIZED_AUTOS = YES_AGGRESSIVE;
				GCC_WARN_UNUSED_FUNCTION = YES;
				GCC_WARN_UNUSED_VARIABLE = YES;
				IPHONEOS_DEPLOYMENT_TARGET = 11.4;
				MTL_ENABLE_DEBUG_INFO = YES;
				ONLY_ACTIVE_ARCH = YES;
				SDKROOT = iphoneos;
			};
			name = Debug;
		};
		32612AE520E2C6D6004FB133 /* Release */ = {
			isa = XCBuildConfiguration;
			buildSettings = {
				ALWAYS_SEARCH_USER_PATHS = NO;
				CLANG_ANALYZER_NONNULL = YES;
				CLANG_ANALYZER_NUMBER_OBJECT_CONVERSION = YES_AGGRESSIVE;
				CLANG_CXX_LANGUAGE_STANDARD = "gnu++14";
				CLANG_CXX_LIBRARY = "libc++";
				CLANG_ENABLE_MODULES = YES;
				CLANG_ENABLE_OBJC_ARC = YES;
				CLANG_ENABLE_OBJC_WEAK = YES;
				CLANG_WARN_BLOCK_CAPTURE_AUTORELEASING = YES;
				CLANG_WARN_BOOL_CONVERSION = YES;
				CLANG_WARN_COMMA = YES;
				CLANG_WARN_CONSTANT_CONVERSION = YES;
				CLANG_WARN_DEPRECATED_OBJC_IMPLEMENTATIONS = YES;
				CLANG_WARN_DIRECT_OBJC_ISA_USAGE = YES_ERROR;
				CLANG_WARN_DOCUMENTATION_COMMENTS = YES;
				CLANG_WARN_EMPTY_BODY = YES;
				CLANG_WARN_ENUM_CONVERSION = YES;
				CLANG_WARN_INFINITE_RECURSION = YES;
				CLANG_WARN_INT_CONVERSION = YES;
				CLANG_WARN_NON_LITERAL_NULL_CONVERSION = YES;
				CLANG_WARN_OBJC_IMPLICIT_RETAIN_SELF = YES;
				CLANG_WARN_OBJC_LITERAL_CONVERSION = YES;
				CLANG_WARN_OBJC_ROOT_CLASS = YES_ERROR;
				CLANG_WARN_RANGE_LOOP_ANALYSIS = YES;
				CLANG_WARN_STRICT_PROTOTYPES = YES;
				CLANG_WARN_SUSPICIOUS_MOVE = YES;
				CLANG_WARN_UNGUARDED_AVAILABILITY = YES_AGGRESSIVE;
				CLANG_WARN_UNREACHABLE_CODE = YES;
				CLANG_WARN__DUPLICATE_METHOD_MATCH = YES;
				CODE_SIGN_IDENTITY = "iPhone Developer";
				COPY_PHASE_STRIP = NO;
				DEBUG_INFORMATION_FORMAT = "dwarf-with-dsym";
				ENABLE_NS_ASSERTIONS = NO;
				ENABLE_STRICT_OBJC_MSGSEND = YES;
				GCC_C_LANGUAGE_STANDARD = gnu11;
				GCC_NO_COMMON_BLOCKS = YES;
				GCC_WARN_64_TO_32_BIT_CONVERSION = YES;
				GCC_WARN_ABOUT_RETURN_TYPE = YES_ERROR;
				GCC_WARN_UNDECLARED_SELECTOR = YES;
				GCC_WARN_UNINITIALIZED_AUTOS = YES_AGGRESSIVE;
				GCC_WARN_UNUSED_FUNCTION = YES;
				GCC_WARN_UNUSED_VARIABLE = YES;
				IPHONEOS_DEPLOYMENT_TARGET = 11.4;
				MTL_ENABLE_DEBUG_INFO = NO;
				SDKROOT = iphoneos;
				VALIDATE_PRODUCT = YES;
			};
			name = Release;
		};
		32612AE720E2C6D6004FB133 /* Debug */ = {
			isa = XCBuildConfiguration;
			buildSettings = {
				ASSETCATALOG_COMPILER_APPICON_NAME = AppIcon;
				CODE_SIGN_STYLE = Automatic;
				DEVELOPMENT_TEAM = 29ALX3W56Z;
				INFOPLIST_FILE = AutoLayoutHomeTask/Info.plist;
				LD_RUNPATH_SEARCH_PATHS = (
					"$(inherited)",
					"@executable_path/Frameworks",
				);
				PRODUCT_BUNDLE_IDENTIFIER = dimadimapractice.AutoLayoutHomeTask;
				PRODUCT_NAME = "$(TARGET_NAME)";
				TARGETED_DEVICE_FAMILY = "1,2";
			};
			name = Debug;
		};
		32612AE820E2C6D6004FB133 /* Release */ = {
			isa = XCBuildConfiguration;
			buildSettings = {
				ASSETCATALOG_COMPILER_APPICON_NAME = AppIcon;
				CODE_SIGN_STYLE = Automatic;
				DEVELOPMENT_TEAM = 29ALX3W56Z;
				INFOPLIST_FILE = AutoLayoutHomeTask/Info.plist;
				LD_RUNPATH_SEARCH_PATHS = (
					"$(inherited)",
					"@executable_path/Frameworks",
				);
				PRODUCT_BUNDLE_IDENTIFIER = dimadimapractice.AutoLayoutHomeTask;
				PRODUCT_NAME = "$(TARGET_NAME)";
				TARGETED_DEVICE_FAMILY = "1,2";
			};
			name = Release;
		};
/* End XCBuildConfiguration section */

/* Begin XCConfigurationList section */
		32612ACB20E2C6D5004FB133 /* Build configuration list for PBXProject "AutoLayoutHomeTask" */ = {
			isa = XCConfigurationList;
			buildConfigurations = (
				32612AE420E2C6D6004FB133 /* Debug */,
				32612AE520E2C6D6004FB133 /* Release */,
			);
			defaultConfigurationIsVisible = 0;
			defaultConfigurationName = Release;
		};
		32612AE620E2C6D6004FB133 /* Build configuration list for PBXNativeTarget "AutoLayoutHomeTask" */ = {
			isa = XCConfigurationList;
			buildConfigurations = (
				32612AE720E2C6D6004FB133 /* Debug */,
				32612AE820E2C6D6004FB133 /* Release */,
			);
			defaultConfigurationIsVisible = 0;
			defaultConfigurationName = Release;
		};
/* End XCConfigurationList section */
	};
	rootObject = 32612AC820E2C6D5004FB133 /* Project object */;
}
